// !$*UTF8*$!
{
	archiveVersion = 1;
	classes = {
	};
	objectVersion = 56;
	objects = {

/* Begin PBXBuildFile section */
		4D2E446129295CB300E8E173 /* RoseTrolleyApp.swift in Sources */ = {isa = PBXBuildFile; fileRef = 4D2E446029295CB300E8E173 /* RoseTrolleyApp.swift */; };
		4D2E446329295CB300E8E173 /* ContentView.swift in Sources */ = {isa = PBXBuildFile; fileRef = 4D2E446229295CB300E8E173 /* ContentView.swift */; };
		4D2E446529295CB500E8E173 /* Assets.xcassets in Resources */ = {isa = PBXBuildFile; fileRef = 4D2E446429295CB500E8E173 /* Assets.xcassets */; };
		4D2E446829295CB500E8E173 /* Preview Assets.xcassets in Resources */ = {isa = PBXBuildFile; fileRef = 4D2E446729295CB500E8E173 /* Preview Assets.xcassets */; };
		4D2E447029295F1500E8E173 /* GoogleService-Info.plist in Resources */ = {isa = PBXBuildFile; fileRef = 4D2E446F29295F1500E8E173 /* GoogleService-Info.plist */; };
		4D2E447229295F6100E8E173 /* RequestRideView.swift in Sources */ = {isa = PBXBuildFile; fileRef = 4D2E447129295F6100E8E173 /* RequestRideView.swift */; };
		4D2E44772929622F00E8E173 /* FirebaseAnalytics in Frameworks */ = {isa = PBXBuildFile; productRef = 4D2E44762929622F00E8E173 /* FirebaseAnalytics */; };
		4D2E44792929622F00E8E173 /* FirebaseAnalyticsOnDeviceConversion in Frameworks */ = {isa = PBXBuildFile; productRef = 4D2E44782929622F00E8E173 /* FirebaseAnalyticsOnDeviceConversion */; };
		4D2E447B2929622F00E8E173 /* FirebaseAnalyticsSwift in Frameworks */ = {isa = PBXBuildFile; productRef = 4D2E447A2929622F00E8E173 /* FirebaseAnalyticsSwift */; };
		4D2E447D2929622F00E8E173 /* FirebaseAnalyticsWithoutAdIdSupport in Frameworks */ = {isa = PBXBuildFile; productRef = 4D2E447C2929622F00E8E173 /* FirebaseAnalyticsWithoutAdIdSupport */; };
		4D2E447F2929622F00E8E173 /* FirebaseAppCheck in Frameworks */ = {isa = PBXBuildFile; productRef = 4D2E447E2929622F00E8E173 /* FirebaseAppCheck */; };
		4D2E44812929622F00E8E173 /* FirebaseAppDistribution-Beta in Frameworks */ = {isa = PBXBuildFile; productRef = 4D2E44802929622F00E8E173 /* FirebaseAppDistribution-Beta */; };
		4D2E44832929622F00E8E173 /* FirebaseAuth in Frameworks */ = {isa = PBXBuildFile; productRef = 4D2E44822929622F00E8E173 /* FirebaseAuth */; };
		4D2E44852929622F00E8E173 /* FirebaseAuthCombine-Community in Frameworks */ = {isa = PBXBuildFile; productRef = 4D2E44842929622F00E8E173 /* FirebaseAuthCombine-Community */; };
		4D2E44872929622F00E8E173 /* FirebaseCrashlytics in Frameworks */ = {isa = PBXBuildFile; productRef = 4D2E44862929622F00E8E173 /* FirebaseCrashlytics */; };
		4D2E44892929622F00E8E173 /* FirebaseDatabase in Frameworks */ = {isa = PBXBuildFile; productRef = 4D2E44882929622F00E8E173 /* FirebaseDatabase */; };
		4D2E448B2929622F00E8E173 /* FirebaseDatabaseSwift in Frameworks */ = {isa = PBXBuildFile; productRef = 4D2E448A2929622F00E8E173 /* FirebaseDatabaseSwift */; };
		4D2E448D2929622F00E8E173 /* FirebaseDynamicLinks in Frameworks */ = {isa = PBXBuildFile; productRef = 4D2E448C2929622F00E8E173 /* FirebaseDynamicLinks */; };
		4D2E448F2929622F00E8E173 /* FirebaseFirestore in Frameworks */ = {isa = PBXBuildFile; productRef = 4D2E448E2929622F00E8E173 /* FirebaseFirestore */; };
		4D2E44912929622F00E8E173 /* FirebaseFirestoreCombine-Community in Frameworks */ = {isa = PBXBuildFile; productRef = 4D2E44902929622F00E8E173 /* FirebaseFirestoreCombine-Community */; };
		4D2E44932929622F00E8E173 /* FirebaseFirestoreSwift in Frameworks */ = {isa = PBXBuildFile; productRef = 4D2E44922929622F00E8E173 /* FirebaseFirestoreSwift */; };
		4D2E44952929622F00E8E173 /* FirebaseFunctions in Frameworks */ = {isa = PBXBuildFile; productRef = 4D2E44942929622F00E8E173 /* FirebaseFunctions */; };
		4D2E44972929622F00E8E173 /* FirebaseFunctionsCombine-Community in Frameworks */ = {isa = PBXBuildFile; productRef = 4D2E44962929622F00E8E173 /* FirebaseFunctionsCombine-Community */; };
		4D2E44992929622F00E8E173 /* FirebaseInAppMessaging-Beta in Frameworks */ = {isa = PBXBuildFile; productRef = 4D2E44982929622F00E8E173 /* FirebaseInAppMessaging-Beta */; };
		4D2E449B2929622F00E8E173 /* FirebaseInAppMessagingSwift-Beta in Frameworks */ = {isa = PBXBuildFile; productRef = 4D2E449A2929622F00E8E173 /* FirebaseInAppMessagingSwift-Beta */; };
		4D2E449D2929622F00E8E173 /* FirebaseInstallations in Frameworks */ = {isa = PBXBuildFile; productRef = 4D2E449C2929622F00E8E173 /* FirebaseInstallations */; };
		4D2E449F2929622F00E8E173 /* FirebaseMLModelDownloader in Frameworks */ = {isa = PBXBuildFile; productRef = 4D2E449E2929622F00E8E173 /* FirebaseMLModelDownloader */; };
		4D2E44A12929622F00E8E173 /* FirebaseMessaging in Frameworks */ = {isa = PBXBuildFile; productRef = 4D2E44A02929622F00E8E173 /* FirebaseMessaging */; };
		4D2E44A32929622F00E8E173 /* FirebasePerformance in Frameworks */ = {isa = PBXBuildFile; productRef = 4D2E44A22929622F00E8E173 /* FirebasePerformance */; };
		4D2E44A52929622F00E8E173 /* FirebaseRemoteConfig in Frameworks */ = {isa = PBXBuildFile; productRef = 4D2E44A42929622F00E8E173 /* FirebaseRemoteConfig */; };
		4D2E44A72929622F00E8E173 /* FirebaseRemoteConfigSwift in Frameworks */ = {isa = PBXBuildFile; productRef = 4D2E44A62929622F00E8E173 /* FirebaseRemoteConfigSwift */; };
		4D2E44A92929622F00E8E173 /* FirebaseStorage in Frameworks */ = {isa = PBXBuildFile; productRef = 4D2E44A82929622F00E8E173 /* FirebaseStorage */; };
		4D2E44AB2929622F00E8E173 /* FirebaseStorageCombine-Community in Frameworks */ = {isa = PBXBuildFile; productRef = 4D2E44AA2929622F00E8E173 /* FirebaseStorageCombine-Community */; };
		4D2E44AD292962BD00E8E173 /* FirebaseService.swift in Sources */ = {isa = PBXBuildFile; fileRef = 4D2E44AC292962BD00E8E173 /* FirebaseService.swift */; };
		4D2E44B3292963F900E8E173 /* Ride.swift in Sources */ = {isa = PBXBuildFile; fileRef = 4D2E44B2292963F900E8E173 /* Ride.swift */; };
		4D2E44B529296A7A00E8E173 /* addRequestViewModel.swift in Sources */ = {isa = PBXBuildFile; fileRef = 4D2E44B429296A7A00E8E173 /* addRequestViewModel.swift */; };
		4D2E44B7292973D200E8E173 /* MapView.swift in Sources */ = {isa = PBXBuildFile; fileRef = 4D2E44B6292973D200E8E173 /* MapView.swift */; };
		4D2E44B9292974E800E8E173 /* Location.swift in Sources */ = {isa = PBXBuildFile; fileRef = 4D2E44B8292974E800E8E173 /* Location.swift */; };
		4D2E44BB29297CCD00E8E173 /* LocationManager.swift in Sources */ = {isa = PBXBuildFile; fileRef = 4D2E44BA29297CCD00E8E173 /* LocationManager.swift */; };
		4D2E44BE29298AD700E8E173 /* LoginView.swift in Sources */ = {isa = PBXBuildFile; fileRef = 4D2E44BD29298AD700E8E173 /* LoginView.swift */; };
		4D2E44C12929A2B000E8E173 /* RoseButtonStyle.swift in Sources */ = {isa = PBXBuildFile; fileRef = 4D2E44C02929A2B000E8E173 /* RoseButtonStyle.swift */; };
		4D2E44C32929A3B500E8E173 /* SignUpView.swift in Sources */ = {isa = PBXBuildFile; fileRef = 4D2E44C22929A3B500E8E173 /* SignUpView.swift */; };
/* End PBXBuildFile section */

/* Begin PBXFileReference section */
		4D2E445D29295CB300E8E173 /* RoseTrolley.app */ = {isa = PBXFileReference; explicitFileType = wrapper.application; includeInIndex = 0; path = RoseTrolley.app; sourceTree = BUILT_PRODUCTS_DIR; };
		4D2E446029295CB300E8E173 /* RoseTrolleyApp.swift */ = {isa = PBXFileReference; lastKnownFileType = sourcecode.swift; path = RoseTrolleyApp.swift; sourceTree = "<group>"; };
		4D2E446229295CB300E8E173 /* ContentView.swift */ = {isa = PBXFileReference; lastKnownFileType = sourcecode.swift; path = ContentView.swift; sourceTree = "<group>"; };
		4D2E446429295CB500E8E173 /* Assets.xcassets */ = {isa = PBXFileReference; lastKnownFileType = folder.assetcatalog; path = Assets.xcassets; sourceTree = "<group>"; };
		4D2E446729295CB500E8E173 /* Preview Assets.xcassets */ = {isa = PBXFileReference; lastKnownFileType = folder.assetcatalog; path = "Preview Assets.xcassets"; sourceTree = "<group>"; };
		4D2E446F29295F1500E8E173 /* GoogleService-Info.plist */ = {isa = PBXFileReference; fileEncoding = 4; lastKnownFileType = text.plist.xml; path = "GoogleService-Info.plist"; sourceTree = "<group>"; };
		4D2E447129295F6100E8E173 /* RequestRideView.swift */ = {isa = PBXFileReference; lastKnownFileType = sourcecode.swift; path = RequestRideView.swift; sourceTree = "<group>"; };
		4D2E44AC292962BD00E8E173 /* FirebaseService.swift */ = {isa = PBXFileReference; lastKnownFileType = sourcecode.swift; path = FirebaseService.swift; sourceTree = "<group>"; };
		4D2E44B2292963F900E8E173 /* Ride.swift */ = {isa = PBXFileReference; lastKnownFileType = sourcecode.swift; path = Ride.swift; sourceTree = "<group>"; };
		4D2E44B429296A7A00E8E173 /* addRequestViewModel.swift */ = {isa = PBXFileReference; lastKnownFileType = sourcecode.swift; path = addRequestViewModel.swift; sourceTree = "<group>"; };
		4D2E44B6292973D200E8E173 /* MapView.swift */ = {isa = PBXFileReference; lastKnownFileType = sourcecode.swift; path = MapView.swift; sourceTree = "<group>"; };
		4D2E44B8292974E800E8E173 /* Location.swift */ = {isa = PBXFileReference; lastKnownFileType = sourcecode.swift; path = Location.swift; sourceTree = "<group>"; };
		4D2E44BA29297CCD00E8E173 /* LocationManager.swift */ = {isa = PBXFileReference; lastKnownFileType = sourcecode.swift; path = LocationManager.swift; sourceTree = "<group>"; };
		4D2E44BD29298AD700E8E173 /* LoginView.swift */ = {isa = PBXFileReference; lastKnownFileType = sourcecode.swift; path = LoginView.swift; sourceTree = "<group>"; };
		4D2E44C02929A2B000E8E173 /* RoseButtonStyle.swift */ = {isa = PBXFileReference; lastKnownFileType = sourcecode.swift; path = RoseButtonStyle.swift; sourceTree = "<group>"; };
		4D2E44C22929A3B500E8E173 /* SignUpView.swift */ = {isa = PBXFileReference; lastKnownFileType = sourcecode.swift; path = SignUpView.swift; sourceTree = "<group>"; };
/* End PBXFileReference section */

/* Begin PBXFrameworksBuildPhase section */
		4D2E445A29295CB300E8E173 /* Frameworks */ = {
			isa = PBXFrameworksBuildPhase;
			buildActionMask = 2147483647;
			files = (
				4D2E44892929622F00E8E173 /* FirebaseDatabase in Frameworks */,
				4D2E44972929622F00E8E173 /* FirebaseFunctionsCombine-Community in Frameworks */,
				4D2E448F2929622F00E8E173 /* FirebaseFirestore in Frameworks */,
				4D2E447B2929622F00E8E173 /* FirebaseAnalyticsSwift in Frameworks */,
				4D2E44772929622F00E8E173 /* FirebaseAnalytics in Frameworks */,
				4D2E44792929622F00E8E173 /* FirebaseAnalyticsOnDeviceConversion in Frameworks */,
				4D2E449F2929622F00E8E173 /* FirebaseMLModelDownloader in Frameworks */,
				4D2E44932929622F00E8E173 /* FirebaseFirestoreSwift in Frameworks */,
				4D2E447F2929622F00E8E173 /* FirebaseAppCheck in Frameworks */,
				4D2E447D2929622F00E8E173 /* FirebaseAnalyticsWithoutAdIdSupport in Frameworks */,
				4D2E44832929622F00E8E173 /* FirebaseAuth in Frameworks */,
				4D2E44872929622F00E8E173 /* FirebaseCrashlytics in Frameworks */,
				4D2E44A72929622F00E8E173 /* FirebaseRemoteConfigSwift in Frameworks */,
				4D2E44992929622F00E8E173 /* FirebaseInAppMessaging-Beta in Frameworks */,
				4D2E448B2929622F00E8E173 /* FirebaseDatabaseSwift in Frameworks */,
				4D2E44952929622F00E8E173 /* FirebaseFunctions in Frameworks */,
				4D2E44AB2929622F00E8E173 /* FirebaseStorageCombine-Community in Frameworks */,
				4D2E44A52929622F00E8E173 /* FirebaseRemoteConfig in Frameworks */,
				4D2E44812929622F00E8E173 /* FirebaseAppDistribution-Beta in Frameworks */,
				4D2E44852929622F00E8E173 /* FirebaseAuthCombine-Community in Frameworks */,
				4D2E44A32929622F00E8E173 /* FirebasePerformance in Frameworks */,
				4D2E449B2929622F00E8E173 /* FirebaseInAppMessagingSwift-Beta in Frameworks */,
				4D2E44A92929622F00E8E173 /* FirebaseStorage in Frameworks */,
				4D2E448D2929622F00E8E173 /* FirebaseDynamicLinks in Frameworks */,
				4D2E44912929622F00E8E173 /* FirebaseFirestoreCombine-Community in Frameworks */,
				4D2E44A12929622F00E8E173 /* FirebaseMessaging in Frameworks */,
				4D2E449D2929622F00E8E173 /* FirebaseInstallations in Frameworks */,
			);
			runOnlyForDeploymentPostprocessing = 0;
		};
/* End PBXFrameworksBuildPhase section */

/* Begin PBXGroup section */
		4D2E445429295CB300E8E173 = {
			isa = PBXGroup;
			children = (
				4D2E445F29295CB300E8E173 /* RoseTrolley */,
				4D2E445E29295CB300E8E173 /* Products */,
			);
			sourceTree = "<group>";
		};
		4D2E445E29295CB300E8E173 /* Products */ = {
			isa = PBXGroup;
			children = (
				4D2E445D29295CB300E8E173 /* RoseTrolley.app */,
			);
			name = Products;
			sourceTree = "<group>";
		};
		4D2E445F29295CB300E8E173 /* RoseTrolley */ = {
			isa = PBXGroup;
			children = (
				4D2E44BF2929A20400E8E173 /* Styling */,
				4D2E44BC29298AC000E8E173 /* Views */,
				4D2E446029295CB300E8E173 /* RoseTrolleyApp.swift */,
				4D2E446229295CB300E8E173 /* ContentView.swift */,
				4D2E447129295F6100E8E173 /* RequestRideView.swift */,
				4D2E446F29295F1500E8E173 /* GoogleService-Info.plist */,
				4D2E446429295CB500E8E173 /* Assets.xcassets */,
				4D2E446629295CB500E8E173 /* Preview Content */,
				4D2E44AC292962BD00E8E173 /* FirebaseService.swift */,
				4D2E44B2292963F900E8E173 /* Ride.swift */,
				4D2E44B429296A7A00E8E173 /* addRequestViewModel.swift */,
				4D2E44B6292973D200E8E173 /* MapView.swift */,
				4D2E44B8292974E800E8E173 /* Location.swift */,
				4D2E44BA29297CCD00E8E173 /* LocationManager.swift */,
			);
			path = RoseTrolley;
			sourceTree = "<group>";
		};
		4D2E446629295CB500E8E173 /* Preview Content */ = {
			isa = PBXGroup;
			children = (
				4D2E446729295CB500E8E173 /* Preview Assets.xcassets */,
			);
			path = "Preview Content";
			sourceTree = "<group>";
		};
		4D2E44BC29298AC000E8E173 /* Views */ = {
			isa = PBXGroup;
			children = (
				4D2E44BD29298AD700E8E173 /* LoginView.swift */,
				4D2E44C22929A3B500E8E173 /* SignUpView.swift */,
			);
			path = Views;
			sourceTree = "<group>";
		};
		4D2E44BF2929A20400E8E173 /* Styling */ = {
			isa = PBXGroup;
			children = (
				4D2E44C02929A2B000E8E173 /* RoseButtonStyle.swift */,
			);
			path = Styling;
			sourceTree = "<group>";
		};
/* End PBXGroup section */

/* Begin PBXNativeTarget section */
		4D2E445C29295CB300E8E173 /* RoseTrolley */ = {
			isa = PBXNativeTarget;
			buildConfigurationList = 4D2E446B29295CB500E8E173 /* Build configuration list for PBXNativeTarget "RoseTrolley" */;
			buildPhases = (
				4D2E445929295CB300E8E173 /* Sources */,
				4D2E445A29295CB300E8E173 /* Frameworks */,
				4D2E445B29295CB300E8E173 /* Resources */,
			);
			buildRules = (
			);
			dependencies = (
			);
			name = RoseTrolley;
			packageProductDependencies = (
				4D2E44762929622F00E8E173 /* FirebaseAnalytics */,
				4D2E44782929622F00E8E173 /* FirebaseAnalyticsOnDeviceConversion */,
				4D2E447A2929622F00E8E173 /* FirebaseAnalyticsSwift */,
				4D2E447C2929622F00E8E173 /* FirebaseAnalyticsWithoutAdIdSupport */,
				4D2E447E2929622F00E8E173 /* FirebaseAppCheck */,
				4D2E44802929622F00E8E173 /* FirebaseAppDistribution-Beta */,
				4D2E44822929622F00E8E173 /* FirebaseAuth */,
				4D2E44842929622F00E8E173 /* FirebaseAuthCombine-Community */,
				4D2E44862929622F00E8E173 /* FirebaseCrashlytics */,
				4D2E44882929622F00E8E173 /* FirebaseDatabase */,
				4D2E448A2929622F00E8E173 /* FirebaseDatabaseSwift */,
				4D2E448C2929622F00E8E173 /* FirebaseDynamicLinks */,
				4D2E448E2929622F00E8E173 /* FirebaseFirestore */,
				4D2E44902929622F00E8E173 /* FirebaseFirestoreCombine-Community */,
				4D2E44922929622F00E8E173 /* FirebaseFirestoreSwift */,
				4D2E44942929622F00E8E173 /* FirebaseFunctions */,
				4D2E44962929622F00E8E173 /* FirebaseFunctionsCombine-Community */,
				4D2E44982929622F00E8E173 /* FirebaseInAppMessaging-Beta */,
				4D2E449A2929622F00E8E173 /* FirebaseInAppMessagingSwift-Beta */,
				4D2E449C2929622F00E8E173 /* FirebaseInstallations */,
				4D2E449E2929622F00E8E173 /* FirebaseMLModelDownloader */,
				4D2E44A02929622F00E8E173 /* FirebaseMessaging */,
				4D2E44A22929622F00E8E173 /* FirebasePerformance */,
				4D2E44A42929622F00E8E173 /* FirebaseRemoteConfig */,
				4D2E44A62929622F00E8E173 /* FirebaseRemoteConfigSwift */,
				4D2E44A82929622F00E8E173 /* FirebaseStorage */,
				4D2E44AA2929622F00E8E173 /* FirebaseStorageCombine-Community */,
			);
			productName = RoseTrolley;
			productReference = 4D2E445D29295CB300E8E173 /* RoseTrolley.app */;
			productType = "com.apple.product-type.application";
		};
/* End PBXNativeTarget section */

/* Begin PBXProject section */
		4D2E445529295CB300E8E173 /* Project object */ = {
			isa = PBXProject;
			attributes = {
				BuildIndependentTargetsInParallel = 1;
				LastSwiftUpdateCheck = 1410;
				LastUpgradeCheck = 1410;
				TargetAttributes = {
					4D2E445C29295CB300E8E173 = {
						CreatedOnToolsVersion = 14.1;
					};
				};
			};
			buildConfigurationList = 4D2E445829295CB300E8E173 /* Build configuration list for PBXProject "RoseTrolley" */;
			compatibilityVersion = "Xcode 14.0";
			developmentRegion = en;
			hasScannedForEncodings = 0;
			knownRegions = (
				en,
				Base,
			);
			mainGroup = 4D2E445429295CB300E8E173;
			packageReferences = (
				4D2E44752929622F00E8E173 /* XCRemoteSwiftPackageReference "firebase-ios-sdk" */,
			);
			productRefGroup = 4D2E445E29295CB300E8E173 /* Products */;
			projectDirPath = "";
			projectRoot = "";
			targets = (
				4D2E445C29295CB300E8E173 /* RoseTrolley */,
			);
		};
/* End PBXProject section */

/* Begin PBXResourcesBuildPhase section */
		4D2E445B29295CB300E8E173 /* Resources */ = {
			isa = PBXResourcesBuildPhase;
			buildActionMask = 2147483647;
			files = (
				4D2E446829295CB500E8E173 /* Preview Assets.xcassets in Resources */,
				4D2E446529295CB500E8E173 /* Assets.xcassets in Resources */,
				4D2E447029295F1500E8E173 /* GoogleService-Info.plist in Resources */,
			);
			runOnlyForDeploymentPostprocessing = 0;
		};
/* End PBXResourcesBuildPhase section */

/* Begin PBXSourcesBuildPhase section */
		4D2E445929295CB300E8E173 /* Sources */ = {
			isa = PBXSourcesBuildPhase;
			buildActionMask = 2147483647;
			files = (
				4D2E44B7292973D200E8E173 /* MapView.swift in Sources */,
				4D2E44B529296A7A00E8E173 /* addRequestViewModel.swift in Sources */,
				4D2E44B9292974E800E8E173 /* Location.swift in Sources */,
				4D2E446329295CB300E8E173 /* ContentView.swift in Sources */,
				4D2E44C32929A3B500E8E173 /* SignUpView.swift in Sources */,
				4D2E446129295CB300E8E173 /* RoseTrolleyApp.swift in Sources */,
				4D2E44AD292962BD00E8E173 /* FirebaseService.swift in Sources */,
				4D2E447229295F6100E8E173 /* RequestRideView.swift in Sources */,
				4D2E44C12929A2B000E8E173 /* RoseButtonStyle.swift in Sources */,
				4D2E44B3292963F900E8E173 /* Ride.swift in Sources */,
				4D2E44BE29298AD700E8E173 /* LoginView.swift in Sources */,
				4D2E44BB29297CCD00E8E173 /* LocationManager.swift in Sources */,
			);
			runOnlyForDeploymentPostprocessing = 0;
		};
/* End PBXSourcesBuildPhase section */

/* Begin XCBuildConfiguration section */
		4D2E446929295CB500E8E173 /* Debug */ = {
			isa = XCBuildConfiguration;
			buildSettings = {
				ALWAYS_SEARCH_USER_PATHS = NO;
				CLANG_ANALYZER_NONNULL = YES;
				CLANG_ANALYZER_NUMBER_OBJECT_CONVERSION = YES_AGGRESSIVE;
				CLANG_CXX_LANGUAGE_STANDARD = "gnu++20";
				CLANG_ENABLE_MODULES = YES;
				CLANG_ENABLE_OBJC_ARC = YES;
				CLANG_ENABLE_OBJC_WEAK = YES;
				CLANG_WARN_BLOCK_CAPTURE_AUTORELEASING = YES;
				CLANG_WARN_BOOL_CONVERSION = YES;
				CLANG_WARN_COMMA = YES;
				CLANG_WARN_CONSTANT_CONVERSION = YES;
				CLANG_WARN_DEPRECATED_OBJC_IMPLEMENTATIONS = YES;
				CLANG_WARN_DIRECT_OBJC_ISA_USAGE = YES_ERROR;
				CLANG_WARN_DOCUMENTATION_COMMENTS = YES;
				CLANG_WARN_EMPTY_BODY = YES;
				CLANG_WARN_ENUM_CONVERSION = YES;
				CLANG_WARN_INFINITE_RECURSION = YES;
				CLANG_WARN_INT_CONVERSION = YES;
				CLANG_WARN_NON_LITERAL_NULL_CONVERSION = YES;
				CLANG_WARN_OBJC_IMPLICIT_RETAIN_SELF = YES;
				CLANG_WARN_OBJC_LITERAL_CONVERSION = YES;
				CLANG_WARN_OBJC_ROOT_CLASS = YES_ERROR;
				CLANG_WARN_QUOTED_INCLUDE_IN_FRAMEWORK_HEADER = YES;
				CLANG_WARN_RANGE_LOOP_ANALYSIS = YES;
				CLANG_WARN_STRICT_PROTOTYPES = YES;
				CLANG_WARN_SUSPICIOUS_MOVE = YES;
				CLANG_WARN_UNGUARDED_AVAILABILITY = YES_AGGRESSIVE;
				CLANG_WARN_UNREACHABLE_CODE = YES;
				CLANG_WARN__DUPLICATE_METHOD_MATCH = YES;
				COPY_PHASE_STRIP = NO;
				DEBUG_INFORMATION_FORMAT = dwarf;
				ENABLE_STRICT_OBJC_MSGSEND = YES;
				ENABLE_TESTABILITY = YES;
				GCC_C_LANGUAGE_STANDARD = gnu11;
				GCC_DYNAMIC_NO_PIC = NO;
				GCC_NO_COMMON_BLOCKS = YES;
				GCC_OPTIMIZATION_LEVEL = 0;
				GCC_PREPROCESSOR_DEFINITIONS = (
					"DEBUG=1",
					"$(inherited)",
				);
				GCC_WARN_64_TO_32_BIT_CONVERSION = YES;
				GCC_WARN_ABOUT_RETURN_TYPE = YES_ERROR;
				GCC_WARN_UNDECLARED_SELECTOR = YES;
				GCC_WARN_UNINITIALIZED_AUTOS = YES_AGGRESSIVE;
				GCC_WARN_UNUSED_FUNCTION = YES;
				GCC_WARN_UNUSED_VARIABLE = YES;
				IPHONEOS_DEPLOYMENT_TARGET = 16.1;
				MTL_ENABLE_DEBUG_INFO = INCLUDE_SOURCE;
				MTL_FAST_MATH = YES;
				ONLY_ACTIVE_ARCH = YES;
				SDKROOT = iphoneos;
				SWIFT_ACTIVE_COMPILATION_CONDITIONS = DEBUG;
				SWIFT_OPTIMIZATION_LEVEL = "-Onone";
			};
			name = Debug;
		};
		4D2E446A29295CB500E8E173 /* Release */ = {
			isa = XCBuildConfiguration;
			buildSettings = {
				ALWAYS_SEARCH_USER_PATHS = NO;
				CLANG_ANALYZER_NONNULL = YES;
				CLANG_ANALYZER_NUMBER_OBJECT_CONVERSION = YES_AGGRESSIVE;
				CLANG_CXX_LANGUAGE_STANDARD = "gnu++20";
				CLANG_ENABLE_MODULES = YES;
				CLANG_ENABLE_OBJC_ARC = YES;
				CLANG_ENABLE_OBJC_WEAK = YES;
				CLANG_WARN_BLOCK_CAPTURE_AUTORELEASING = YES;
				CLANG_WARN_BOOL_CONVERSION = YES;
				CLANG_WARN_COMMA = YES;
				CLANG_WARN_CONSTANT_CONVERSION = YES;
				CLANG_WARN_DEPRECATED_OBJC_IMPLEMENTATIONS = YES;
				CLANG_WARN_DIRECT_OBJC_ISA_USAGE = YES_ERROR;
				CLANG_WARN_DOCUMENTATION_COMMENTS = YES;
				CLANG_WARN_EMPTY_BODY = YES;
				CLANG_WARN_ENUM_CONVERSION = YES;
				CLANG_WARN_INFINITE_RECURSION = YES;
				CLANG_WARN_INT_CONVERSION = YES;
				CLANG_WARN_NON_LITERAL_NULL_CONVERSION = YES;
				CLANG_WARN_OBJC_IMPLICIT_RETAIN_SELF = YES;
				CLANG_WARN_OBJC_LITERAL_CONVERSION = YES;
				CLANG_WARN_OBJC_ROOT_CLASS = YES_ERROR;
				CLANG_WARN_QUOTED_INCLUDE_IN_FRAMEWORK_HEADER = YES;
				CLANG_WARN_RANGE_LOOP_ANALYSIS = YES;
				CLANG_WARN_STRICT_PROTOTYPES = YES;
				CLANG_WARN_SUSPICIOUS_MOVE = YES;
				CLANG_WARN_UNGUARDED_AVAILABILITY = YES_AGGRESSIVE;
				CLANG_WARN_UNREACHABLE_CODE = YES;
				CLANG_WARN__DUPLICATE_METHOD_MATCH = YES;
				COPY_PHASE_STRIP = NO;
				DEBUG_INFORMATION_FORMAT = "dwarf-with-dsym";
				ENABLE_NS_ASSERTIONS = NO;
				ENABLE_STRICT_OBJC_MSGSEND = YES;
				GCC_C_LANGUAGE_STANDARD = gnu11;
				GCC_NO_COMMON_BLOCKS = YES;
				GCC_WARN_64_TO_32_BIT_CONVERSION = YES;
				GCC_WARN_ABOUT_RETURN_TYPE = YES_ERROR;
				GCC_WARN_UNDECLARED_SELECTOR = YES;
				GCC_WARN_UNINITIALIZED_AUTOS = YES_AGGRESSIVE;
				GCC_WARN_UNUSED_FUNCTION = YES;
				GCC_WARN_UNUSED_VARIABLE = YES;
				IPHONEOS_DEPLOYMENT_TARGET = 16.1;
				MTL_ENABLE_DEBUG_INFO = NO;
				MTL_FAST_MATH = YES;
				SDKROOT = iphoneos;
				SWIFT_COMPILATION_MODE = wholemodule;
				SWIFT_OPTIMIZATION_LEVEL = "-O";
				VALIDATE_PRODUCT = YES;
			};
			name = Release;
		};
		4D2E446C29295CB500E8E173 /* Debug */ = {
			isa = XCBuildConfiguration;
			buildSettings = {
				ASSETCATALOG_COMPILER_APPICON_NAME = AppIcon;
				ASSETCATALOG_COMPILER_GLOBAL_ACCENT_COLOR_NAME = AccentColor;
				CODE_SIGN_STYLE = Automatic;
				CURRENT_PROJECT_VERSION = 1;
				DEVELOPMENT_ASSET_PATHS = "\"RoseTrolley/Preview Content\"";
				DEVELOPMENT_TEAM = 56F54J4H3N;
				ENABLE_PREVIEWS = YES;
				GENERATE_INFOPLIST_FILE = YES;
				INFOPLIST_KEY_NSLocationWhenInUseUsageDescription = "Allows Us to Access your Location";
				INFOPLIST_KEY_UIApplicationSceneManifest_Generation = YES;
				INFOPLIST_KEY_UIApplicationSupportsIndirectInputEvents = YES;
				INFOPLIST_KEY_UILaunchScreen_Generation = YES;
				INFOPLIST_KEY_UISupportedInterfaceOrientations_iPad = "UIInterfaceOrientationPortrait UIInterfaceOrientationPortraitUpsideDown UIInterfaceOrientationLandscapeLeft UIInterfaceOrientationLandscapeRight";
				INFOPLIST_KEY_UISupportedInterfaceOrientations_iPhone = "UIInterfaceOrientationPortrait UIInterfaceOrientationLandscapeLeft UIInterfaceOrientationLandscapeRight";
				LD_RUNPATH_SEARCH_PATHS = (
					"$(inherited)",
					"@executable_path/Frameworks",
				);
				MARKETING_VERSION = 1.0;
				PRODUCT_BUNDLE_IDENTIFIER = mobilesoftwareservices.RoseTrolley;
				PRODUCT_NAME = "$(TARGET_NAME)";
				SWIFT_EMIT_LOC_STRINGS = YES;
				SWIFT_VERSION = 5.0;
				TARGETED_DEVICE_FAMILY = "1,2";
			};
			name = Debug;
		};
		4D2E446D29295CB500E8E173 /* Release */ = {
			isa = XCBuildConfiguration;
			buildSettings = {
				ASSETCATALOG_COMPILER_APPICON_NAME = AppIcon;
				ASSETCATALOG_COMPILER_GLOBAL_ACCENT_COLOR_NAME = AccentColor;
				CODE_SIGN_STYLE = Automatic;
				CURRENT_PROJECT_VERSION = 1;
				DEVELOPMENT_ASSET_PATHS = "\"RoseTrolley/Preview Content\"";
				DEVELOPMENT_TEAM = 56F54J4H3N;
				ENABLE_PREVIEWS = YES;
				GENERATE_INFOPLIST_FILE = YES;
				INFOPLIST_KEY_NSLocationWhenInUseUsageDescription = "Allows Us to Access your Location";
				INFOPLIST_KEY_UIApplicationSceneManifest_Generation = YES;
				INFOPLIST_KEY_UIApplicationSupportsIndirectInputEvents = YES;
				INFOPLIST_KEY_UILaunchScreen_Generation = YES;
				INFOPLIST_KEY_UISupportedInterfaceOrientations_iPad = "UIInterfaceOrientationPortrait UIInterfaceOrientationPortraitUpsideDown UIInterfaceOrientationLandscapeLeft UIInterfaceOrientationLandscapeRight";
				INFOPLIST_KEY_UISupportedInterfaceOrientations_iPhone = "UIInterfaceOrientationPortrait UIInterfaceOrientationLandscapeLeft UIInterfaceOrientationLandscapeRight";
				LD_RUNPATH_SEARCH_PATHS = (
					"$(inherited)",
					"@executable_path/Frameworks",
				);
				MARKETING_VERSION = 1.0;
				PRODUCT_BUNDLE_IDENTIFIER = mobilesoftwareservices.RoseTrolley;
				PRODUCT_NAME = "$(TARGET_NAME)";
				SWIFT_EMIT_LOC_STRINGS = YES;
				SWIFT_VERSION = 5.0;
				TARGETED_DEVICE_FAMILY = "1,2";
			};
			name = Release;
		};
/* End XCBuildConfiguration section */

/* Begin XCConfigurationList section */
		4D2E445829295CB300E8E173 /* Build configuration list for PBXProject "RoseTrolley" */ = {
			isa = XCConfigurationList;
			buildConfigurations = (
				4D2E446929295CB500E8E173 /* Debug */,
				4D2E446A29295CB500E8E173 /* Release */,
			);
			defaultConfigurationIsVisible = 0;
			defaultConfigurationName = Release;
		};
		4D2E446B29295CB500E8E173 /* Build configuration list for PBXNativeTarget "RoseTrolley" */ = {
			isa = XCConfigurationList;
			buildConfigurations = (
				4D2E446C29295CB500E8E173 /* Debug */,
				4D2E446D29295CB500E8E173 /* Release */,
			);
			defaultConfigurationIsVisible = 0;
			defaultConfigurationName = Release;
		};
/* End XCConfigurationList section */

/* Begin XCRemoteSwiftPackageReference section */
		4D2E44752929622F00E8E173 /* XCRemoteSwiftPackageReference "firebase-ios-sdk" */ = {
			isa = XCRemoteSwiftPackageReference;
			repositoryURL = "https://github.com/firebase/firebase-ios-sdk";
			requirement = {
				kind = upToNextMajorVersion;
				minimumVersion = 9.0.0;
			};
		};
/* End XCRemoteSwiftPackageReference section */

/* Begin XCSwiftPackageProductDependency section */
		4D2E44762929622F00E8E173 /* FirebaseAnalytics */ = {
			isa = XCSwiftPackageProductDependency;
			package = 4D2E44752929622F00E8E173 /* XCRemoteSwiftPackageReference "firebase-ios-sdk" */;
			productName = FirebaseAnalytics;
		};
		4D2E44782929622F00E8E173 /* FirebaseAnalyticsOnDeviceConversion */ = {
			isa = XCSwiftPackageProductDependency;
			package = 4D2E44752929622F00E8E173 /* XCRemoteSwiftPackageReference "firebase-ios-sdk" */;
			productName = FirebaseAnalyticsOnDeviceConversion;
		};
		4D2E447A2929622F00E8E173 /* FirebaseAnalyticsSwift */ = {
			isa = XCSwiftPackageProductDependency;
			package = 4D2E44752929622F00E8E173 /* XCRemoteSwiftPackageReference "firebase-ios-sdk" */;
			productName = FirebaseAnalyticsSwift;
		};
		4D2E447C2929622F00E8E173 /* FirebaseAnalyticsWithoutAdIdSupport */ = {
			isa = XCSwiftPackageProductDependency;
			package = 4D2E44752929622F00E8E173 /* XCRemoteSwiftPackageReference "firebase-ios-sdk" */;
			productName = FirebaseAnalyticsWithoutAdIdSupport;
		};
		4D2E447E2929622F00E8E173 /* FirebaseAppCheck */ = {
			isa = XCSwiftPackageProductDependency;
			package = 4D2E44752929622F00E8E173 /* XCRemoteSwiftPackageReference "firebase-ios-sdk" */;
			productName = FirebaseAppCheck;
		};
		4D2E44802929622F00E8E173 /* FirebaseAppDistribution-Beta */ = {
			isa = XCSwiftPackageProductDependency;
			package = 4D2E44752929622F00E8E173 /* XCRemoteSwiftPackageReference "firebase-ios-sdk" */;
			productName = "FirebaseAppDistribution-Beta";
		};
		4D2E44822929622F00E8E173 /* FirebaseAuth */ = {
			isa = XCSwiftPackageProductDependency;
			package = 4D2E44752929622F00E8E173 /* XCRemoteSwiftPackageReference "firebase-ios-sdk" */;
			productName = FirebaseAuth;
		};
		4D2E44842929622F00E8E173 /* FirebaseAuthCombine-Community */ = {
			isa = XCSwiftPackageProductDependency;
			package = 4D2E44752929622F00E8E173 /* XCRemoteSwiftPackageReference "firebase-ios-sdk" */;
			productName = "FirebaseAuthCombine-Community";
		};
		4D2E44862929622F00E8E173 /* FirebaseCrashlytics */ = {
			isa = XCSwiftPackageProductDependency;
			package = 4D2E44752929622F00E8E173 /* XCRemoteSwiftPackageReference "firebase-ios-sdk" */;
			productName = FirebaseCrashlytics;
		};
		4D2E44882929622F00E8E173 /* FirebaseDatabase */ = {
			isa = XCSwiftPackageProductDependency;
			package = 4D2E44752929622F00E8E173 /* XCRemoteSwiftPackageReference "firebase-ios-sdk" */;
			productName = FirebaseDatabase;
		};
		4D2E448A2929622F00E8E173 /* FirebaseDatabaseSwift */ = {
			isa = XCSwiftPackageProductDependency;
			package = 4D2E44752929622F00E8E173 /* XCRemoteSwiftPackageReference "firebase-ios-sdk" */;
			productName = FirebaseDatabaseSwift;
		};
		4D2E448C2929622F00E8E173 /* FirebaseDynamicLinks */ = {
			isa = XCSwiftPackageProductDependency;
			package = 4D2E44752929622F00E8E173 /* XCRemoteSwiftPackageReference "firebase-ios-sdk" */;
			productName = FirebaseDynamicLinks;
		};
		4D2E448E2929622F00E8E173 /* FirebaseFirestore */ = {
			isa = XCSwiftPackageProductDependency;
			package = 4D2E44752929622F00E8E173 /* XCRemoteSwiftPackageReference "firebase-ios-sdk" */;
			productName = FirebaseFirestore;
		};
		4D2E44902929622F00E8E173 /* FirebaseFirestoreCombine-Community */ = {
			isa = XCSwiftPackageProductDependency;
			package = 4D2E44752929622F00E8E173 /* XCRemoteSwiftPackageReference "firebase-ios-sdk" */;
			productName = "FirebaseFirestoreCombine-Community";
		};
		4D2E44922929622F00E8E173 /* FirebaseFirestoreSwift */ = {
			isa = XCSwiftPackageProductDependency;
			package = 4D2E44752929622F00E8E173 /* XCRemoteSwiftPackageReference "firebase-ios-sdk" */;
			productName = FirebaseFirestoreSwift;
		};
		4D2E44942929622F00E8E173 /* FirebaseFunctions */ = {
			isa = XCSwiftPackageProductDependency;
			package = 4D2E44752929622F00E8E173 /* XCRemoteSwiftPackageReference "firebase-ios-sdk" */;
			productName = FirebaseFunctions;
		};
		4D2E44962929622F00E8E173 /* FirebaseFunctionsCombine-Community */ = {
			isa = XCSwiftPackageProductDependency;
			package = 4D2E44752929622F00E8E173 /* XCRemoteSwiftPackageReference "firebase-ios-sdk" */;
			productName = "FirebaseFunctionsCombine-Community";
		};
		4D2E44982929622F00E8E173 /* FirebaseInAppMessaging-Beta */ = {
			isa = XCSwiftPackageProductDependency;
			package = 4D2E44752929622F00E8E173 /* XCRemoteSwiftPackageReference "firebase-ios-sdk" */;
			productName = "FirebaseInAppMessaging-Beta";
		};
		4D2E449A2929622F00E8E173 /* FirebaseInAppMessagingSwift-Beta */ = {
			isa = XCSwiftPackageProductDependency;
			package = 4D2E44752929622F00E8E173 /* XCRemoteSwiftPackageReference "firebase-ios-sdk" */;
			productName = "FirebaseInAppMessagingSwift-Beta";
		};
		4D2E449C2929622F00E8E173 /* FirebaseInstallations */ = {
			isa = XCSwiftPackageProductDependency;
			package = 4D2E44752929622F00E8E173 /* XCRemoteSwiftPackageReference "firebase-ios-sdk" */;
			productName = FirebaseInstallations;
		};
		4D2E449E2929622F00E8E173 /* FirebaseMLModelDownloader */ = {
			isa = XCSwiftPackageProductDependency;
			package = 4D2E44752929622F00E8E173 /* XCRemoteSwiftPackageReference "firebase-ios-sdk" */;
			productName = FirebaseMLModelDownloader;
		};
		4D2E44A02929622F00E8E173 /* FirebaseMessaging */ = {
			isa = XCSwiftPackageProductDependency;
			package = 4D2E44752929622F00E8E173 /* XCRemoteSwiftPackageReference "firebase-ios-sdk" */;
			productName = FirebaseMessaging;
		};
		4D2E44A22929622F00E8E173 /* FirebasePerformance */ = {
			isa = XCSwiftPackageProductDependency;
			package = 4D2E44752929622F00E8E173 /* XCRemoteSwiftPackageReference "firebase-ios-sdk" */;
			productName = FirebasePerformance;
		};
		4D2E44A42929622F00E8E173 /* FirebaseRemoteConfig */ = {
			isa = XCSwiftPackageProductDependency;
			package = 4D2E44752929622F00E8E173 /* XCRemoteSwiftPackageReference "firebase-ios-sdk" */;
			productName = FirebaseRemoteConfig;
		};
		4D2E44A62929622F00E8E173 /* FirebaseRemoteConfigSwift */ = {
			isa = XCSwiftPackageProductDependency;
			package = 4D2E44752929622F00E8E173 /* XCRemoteSwiftPackageReference "firebase-ios-sdk" */;
			productName = FirebaseRemoteConfigSwift;
		};
		4D2E44A82929622F00E8E173 /* FirebaseStorage */ = {
			isa = XCSwiftPackageProductDependency;
			package = 4D2E44752929622F00E8E173 /* XCRemoteSwiftPackageReference "firebase-ios-sdk" */;
			productName = FirebaseStorage;
		};
		4D2E44AA2929622F00E8E173 /* FirebaseStorageCombine-Community */ = {
			isa = XCSwiftPackageProductDependency;
			package = 4D2E44752929622F00E8E173 /* XCRemoteSwiftPackageReference "firebase-ios-sdk" */;
			productName = "FirebaseStorageCombine-Community";
		};
/* End XCSwiftPackageProductDependency section */
	};
	rootObject = 4D2E445529295CB300E8E173 /* Project object */;
}
